{
    "name": "make-import-map",
    "version": "1.1.0",
    "lockfileVersion": 2,
    "requires": true,
    "packages": {
        "": {
            "version": "1.1.0",
            "license": "MIT",
            "dependencies": {
                "fs-serve": "^2.0.1"
            },
            "bin": {
                "make-import-map": "cli.js"
            }
        },
        "node_modules/fs-serve": {
            "version": "2.0.1",
            "resolved": "https://registry.npmjs.org/fs-serve/-/fs-serve-2.0.1.tgz",
            "integrity": "sha512-Bl0ZzL4CVtzYiObSnUf3jgHPmtXRZrNRD41ekUYqvcI/lISRqKaz6X2rJd64l3shb8lUg9ZPy2PgLePPAV7jEQ==",
            "bin": {
                "fs-serve": "cli.js"
            }
        }
    },
    "dependencies": {
        "fs-serve": {
            "version": "2.0.1",
            "resolved": "https://registry.npmjs.org/fs-serve/-/fs-serve-2.0.1.tgz",
            "integrity": "sha512-Bl0ZzL4CVtzYiObSnUf3jgHPmtXRZrNRD41ekUYqvcI/lISRqKaz6X2rJd64l3shb8lUg9ZPy2PgLePPAV7jEQ=="
        }
    }
}
